// !$*UTF8*$!
{
	archiveVersion = 1;
	classes = {
	};
	objectVersion = 56;
	objects = {

/* Begin PBXBuildFile section */
		001 /* VirtualDeckApp.swift in Sources */ = {isa = PBXBuildFile; fileRef = 101; };
		002 /* Card.swift in Sources */ = {isa = PBXBuildFile; fileRef = 102; };
		003 /* Deck.swift in Sources */ = {isa = PBXBuildFile; fileRef = 103; };
		004 /* GameDefinition.swift in Sources */ = {isa = PBXBuildFile; fileRef = 104; };
		005 /* Player.swift in Sources */ = {isa = PBXBuildFile; fileRef = 105; };
		006 /* CardView.swift in Sources */ = {isa = PBXBuildFile; fileRef = 106; };
		007 /* DashboardView.swift in Sources */ = {isa = PBXBuildFile; fileRef = 107; };
		008 /* HapticsManager.swift in Sources */ = {isa = PBXBuildFile; fileRef = 108; };
		009 /* SoundManager.swift in Sources */ = {isa = PBXBuildFile; fileRef = 109; };
		010 /* PassAndPlayCoordinator.swift in Sources */ = {isa = PBXBuildFile; fileRef = 110; };
		011 /* GameDetailView.swift in Sources */ = {isa = PBXBuildFile; fileRef = 111; };
		012 /* GameLibraryView.swift in Sources */ = {isa = PBXBuildFile; fileRef = 112; };
		013 /* PassAndPlayGameView.swift in Sources */ = {isa = PBXBuildFile; fileRef = 113; };
		014 /* PassAndPlaySetupView.swift in Sources */ = {isa = PBXBuildFile; fileRef = 114; };
		015 /* PlayerHandView.swift in Sources */ = {isa = PBXBuildFile; fileRef = 115; };
		016 /* TurnTransitionView.swift in Sources */ = {isa = PBXBuildFile; fileRef = 116; };
/* End PBXBuildFile section */

/* Begin PBXFileReference section */
		100 /* VirtualDeck.app */ = {isa = PBXFileReference; explicitFileType = wrapper.application; includeInIndex = 0; path = VirtualDeck.app; sourceTree = BUILT_PRODUCTS_DIR; };
		101 /* VirtualDeckApp.swift */ = {isa = PBXFileReference; lastKnownFileType = sourcecode.swift; path = VirtualDeckApp.swift; sourceTree = "<group>"; };
		102 /* Card.swift */ = {isa = PBXFileReference; lastKnownFileType = sourcecode.swift; path = Card.swift; sourceTree = "<group>"; };
		103 /* Deck.swift */ = {isa = PBXFileReference; lastKnownFileType = sourcecode.swift; path = Deck.swift; sourceTree = "<group>"; };
		104 /* GameDefinition.swift */ = {isa = PBXFileReference; lastKnownFileType = sourcecode.swift; path = GameDefinition.swift; sourceTree = "<group>"; };
		105 /* Player.swift */ = {isa = PBXFileReference; lastKnownFileType = sourcecode.swift; path = Player.swift; sourceTree = "<group>"; };
		106 /* CardView.swift */ = {isa = PBXFileReference; lastKnownFileType = sourcecode.swift; path = CardView.swift; sourceTree = "<group>"; };
		107 /* DashboardView.swift */ = {isa = PBXFileReference; lastKnownFileType = sourcecode.swift; path = DashboardView.swift; sourceTree = "<group>"; };
		108 /* HapticsManager.swift */ = {isa = PBXFileReference; lastKnownFileType = sourcecode.swift; path = HapticsManager.swift; sourceTree = "<group>"; };
		109 /* SoundManager.swift */ = {isa = PBXFileReference; lastKnownFileType = sourcecode.swift; path = SoundManager.swift; sourceTree = "<group>"; };
		110 /* PassAndPlayCoordinator.swift */ = {isa = PBXFileReference; lastKnownFileType = sourcecode.swift; path = PassAndPlayCoordinator.swift; sourceTree = "<group>"; };
		111 /* GameDetailView.swift */ = {isa = PBXFileReference; lastKnownFileType = sourcecode.swift; path = GameDetailView.swift; sourceTree = "<group>"; };
		112 /* GameLibraryView.swift */ = {isa = PBXFileReference; lastKnownFileType = sourcecode.swift; path = GameLibraryView.swift; sourceTree = "<group>"; };
		113 /* PassAndPlayGameView.swift */ = {isa = PBXFileReference; lastKnownFileType = sourcecode.swift; path = PassAndPlayGameView.swift; sourceTree = "<group>"; };
		114 /* PassAndPlaySetupView.swift */ = {isa = PBXFileReference; lastKnownFileType = sourcecode.swift; path = PassAndPlaySetupView.swift; sourceTree = "<group>"; };
		115 /* PlayerHandView.swift */ = {isa = PBXFileReference; lastKnownFileType = sourcecode.swift; path = PlayerHandView.swift; sourceTree = "<group>"; };
		116 /* TurnTransitionView.swift */ = {isa = PBXFileReference; lastKnownFileType = sourcecode.swift; path = TurnTransitionView.swift; sourceTree = "<group>"; };
/* End PBXFileReference section */

/* Begin PBXGroup section */
		200 = {
			isa = PBXGroup;
			children = (
				201 /* VirtualDeck */,
				202 /* Products */,
			);
			sourceTree = "<group>";
		};
		201 /* VirtualDeck */ = {
			isa = PBXGroup;
			children = (
				101 /* VirtualDeckApp.swift */,
				203 /* Models */,
				204 /* Views */,
				205 /* ViewModels */,
				206 /* Services */,
			);
			path = "";
			sourceTree = "<group>";
		};
		202 /* Products */ = {
			isa = PBXGroup;
			children = (
				100 /* VirtualDeck.app */,
			);
			name = Products;
			sourceTree = "<group>";
		};
		203 /* Models */ = {
			isa = PBXGroup;
			children = (
				102 /* Card.swift */,
				103 /* Deck.swift */,
				104 /* GameDefinition.swift */,
				105 /* Player.swift */,
			);
			path = Models;
			sourceTree = "<group>";
		};
		204 /* Views */ = {
			isa = PBXGroup;
			children = (
				106 /* CardView.swift */,
				107 /* DashboardView.swift */,
				207 /* GameLibrary */,
				208 /* PassAndPlay */,
			);
			path = Views;
			sourceTree = "<group>";
		};
		205 /* ViewModels */ = {
			isa = PBXGroup;
			children = (
				110 /* PassAndPlayCoordinator.swift */,
			);
			path = ViewModels;
			sourceTree = "<group>";
		};
		206 /* Services */ = {
			isa = PBXGroup;
			children = (
				108 /* HapticsManager.swift */,
				109 /* SoundManager.swift */,
			);
			path = Services;
			sourceTree = "<group>";
		};
		207 /* GameLibrary */ = {
			isa = PBXGroup;
			children = (
				111 /* GameDetailView.swift */,
				112 /* GameLibraryView.swift */,
			);
			path = GameLibrary;
			sourceTree = "<group>";
		};
		208 /* PassAndPlay */ = {
			isa = PBXGroup;
			children = (
				113 /* PassAndPlayGameView.swift */,
				114 /* PassAndPlaySetupView.swift */,
				115 /* PlayerHandView.swift */,
				116 /* TurnTransitionView.swift */,
			);
			path = PassAndPlay;
			sourceTree = "<group>";
		};
/* End PBXGroup section */

/* Begin PBXNativeTarget section */
		300 /* VirtualDeck */ = {
			isa = PBXNativeTarget;
			buildConfigurationList = 400;
			buildPhases = (
				301 /* Sources */,
			);
			buildRules = (
			);
			dependencies = (
			);
			name = VirtualDeck;
			productName = VirtualDeck;
			productReference = 100 /* VirtualDeck.app */;
			productType = "com.apple.product-type.application";
		};
/* End PBXNativeTarget section */

/* Begin PBXProject section */
		500 /* Project object */ = {
			isa = PBXProject;
			attributes = {
				BuildIndependentTargetsInParallel = 1;
				LastSwiftUpdateCheck = 1540;
				LastUpgradeCheck = 1540;
				TargetAttributes = {
					300 = {
						CreatedOnToolsVersion = 15.4;
					};
				};
			};
			buildConfigurationList = 501;
			compatibilityVersion = "Xcode 14.0";
			developmentRegion = en;
			hasScannedForEncodings = 0;
			knownRegions = (
				en,
				Base,
			);
			mainGroup = 200;
			productRefGroup = 202 /* Products */;
			projectDirPath = "";
			projectRoot = "";
			targets = (
				300 /* VirtualDeck */,
			);
		};
/* End PBXProject section */

/* Begin PBXSourcesBuildPhase section */
		301 /* Sources */ = {
			isa = PBXSourcesBuildPhase;
			buildActionMask = 2147483647;
			files = (
				001 /* VirtualDeckApp.swift in Sources */,
				002 /* Card.swift in Sources */,
				003 /* Deck.swift in Sources */,
				004 /* GameDefinition.swift in Sources */,
				005 /* Player.swift in Sources */,
				006 /* CardView.swift in Sources */,
				007 /* DashboardView.swift in Sources */,
				008 /* HapticsManager.swift in Sources */,
				009 /* SoundManager.swift in Sources */,
				010 /* PassAndPlayCoordinator.swift in Sources */,
				011 /* GameDetailView.swift in Sources */,
				012 /* GameLibraryView.swift in Sources */,
				013 /* PassAndPlayGameView.swift in Sources */,
				014 /* PassAndPlaySetupView.swift in Sources */,
				015 /* PlayerHandView.swift in Sources */,
				016 /* TurnTransitionView.swift in Sources */,
			);
			runOnlyForDeploymentPostprocessing = 0;
		};
/* End PBXSourcesBuildPhase section */

/* Begin XCBuildConfiguration section */
		600 /* Debug */ = {
			isa = XCBuildConfiguration;
			buildSettings = {
				ALWAYS_SEARCH_USER_PATHS = NO;
				ASSETCATALOG_COMPILER_GENERATE_SWIFT_ASSET_SYMBOL_EXTENSIONS = YES;
				CLANG_ANALYZER_NONNULL = YES;
				CLANG_CXX_LANGUAGE_STANDARD = "gnu++20";
				CLANG_ENABLE_MODULES = YES;
				CLANG_ENABLE_OBJC_ARC = YES;
				CLANG_WARN_BLOCK_CAPTURE_AUTORELEASING = YES;
				CLANG_WARN_BOOL_CONVERSION = YES;
				CLANG_WARN_COMMA = YES;
				CLANG_WARN_CONSTANT_CONVERSION = YES;
				CLANG_WARN_DEPRECATED_OBJC_IMPLEMENTATIONS = YES;
				CLANG_WARN_DIRECT_OBJC_ISA_USAGE = YES_ERROR;
				CLANG_WARN_DOCUMENTATION_COMMENTS = YES;
				CLANG_WARN_EMPTY_BODY = YES;
				CLANG_WARN_ENUM_CONVERSION = YES;
				CLANG_WARN_INFINITE_RECURSION = YES;
				CLANG_WARN_INT_CONVERSION = YES;
				CLANG_WARN_NON_LITERAL_NULL_CONVERSION = YES;
				CLANG_WARN_OBJC_IMPLICIT_RETAIN_SELF = YES;
				CLANG_WARN_OBJC_LITERAL_CONVERSION = YES;
				CLANG_WARN_OBJC_ROOT_CLASS = YES_ERROR;
				CLANG_WARN_QUOTED_INCLUDE_IN_FRAMEWORK_HEADER = YES;
				CLANG_WARN_RANGE_LOOP_ANALYSIS = YES;
				CLANG_WARN_STRICT_PROTOTYPES = YES;
				CLANG_WARN_SUSPICIOUS_MOVE = YES;
				CLANG_WARN_UNGUARDED_AVAILABILITY = YES_AGGRESSIVE;
				CLANG_WARN_UNREACHABLE_CODE = YES;
				CLANG_WARN__DUPLICATE_METHOD_MATCH = YES;
				COPY_PHASE_STRIP = NO;
				DEBUG_INFORMATION_FORMAT = dwarf;
				ENABLE_STRICT_OBJC_MSGSEND = YES;
				ENABLE_TESTABILITY = YES;
				ENABLE_USER_SCRIPT_SANDBOXING = YES;
				GCC_C_LANGUAGE_STANDARD = gnu17;
				GCC_DYNAMIC_NO_PIC = NO;
				GCC_NO_COMMON_BLOCKS = YES;
				GCC_OPTIMIZATION_LEVEL = 0;
				GCC_PREPROCESSOR_DEFINITIONS = (
					"DEBUG=1",
					"$(inherited)",
				);
				GCC_WARN_64_TO_32_BIT_CONVERSION = YES;
				GCC_WARN_ABOUT_RETURN_TYPE = YES_ERROR;
				GCC_WARN_UNDECLARED_SELECTOR = YES;
				GCC_WARN_UNINITIALIZED_AUTOS = YES_AGGRESSIVE;
				GCC_WARN_UNUSED_FUNCTION = YES;
				GCC_WARN_UNUSED_VARIABLE = YES;
				IPHONEOS_DEPLOYMENT_TARGET = 17.0;
				LOCALIZATION_PREFERS_STRING_CATALOGS = YES;
				MTL_ENABLE_DEBUG_INFO = INCLUDE_SOURCE;
				MTL_FAST_MATH = YES;
				ONLY_ACTIVE_ARCH = YES;
				SDKROOT = iphoneos;
				SWIFT_ACTIVE_COMPILATION_CONDITIONS = "DEBUG $(inherited)";
				SWIFT_OPTIMIZATION_LEVEL = "-Onone";
			};
			name = Debug;
		};
		601 /* Release */ = {
			isa = XCBuildConfiguration;
			buildSettings = {
				ALWAYS_SEARCH_USER_PATHS = NO;
				ASSETCATALOG_COMPILER_GENERATE_SWIFT_ASSET_SYMBOL_EXTENSIONS = YES;
				CLANG_ANALYZER_NONNULL = YES;
				CLANG_CXX_LANGUAGE_STANDARD = "gnu++20";
				CLANG_ENABLE_MODULES = YES;
				CLANG_ENABLE_OBJC_ARC = YES;
				CLANG_WARN_BLOCK_CAPTURE_AUTORELEASING = YES;
				CLANG_WARN_BOOL_CONVERSION = YES;
				CLANG_WARN_COMMA = YES;
				CLANG_WARN_CONSTANT_CONVERSION = YES;
				CLANG_WARN_DEPRECATED_OBJC_IMPLEMENTATIONS = YES;
				CLANG_WARN_DIRECT_OBJC_ISA_USAGE = YES_ERROR;
				CLANG_WARN_DOCUMENTATION_COMMENTS = YES;
				CLANG_WARN_EMPTY_BODY = YES;
				CLANG_WARN_ENUM_CONVERSION = YES;
				CLANG_WARN_INFINITE_RECURSION = YES;
				CLANG_WARN_INT_CONVERSION = YES;
				CLANG_WARN_NON_LITERAL_NULL_CONVERSION = YES;
				CLANG_WARN_OBJC_IMPLICIT_RETAIN_SELF = YES;
				CLANG_WARN_OBJC_LITERAL_CONVERSION = YES;
				CLANG_WARN_OBJC_ROOT_CLASS = YES_ERROR;
				CLANG_WARN_QUOTED_INCLUDE_IN_FRAMEWORK_HEADER = YES;
				CLANG_WARN_RANGE_LOOP_ANALYSIS = YES;
				CLANG_WARN_STRICT_PROTOTYPES = YES;
				CLANG_WARN_SUSPICIOUS_MOVE = YES;
				CLANG_WARN_UNGUARDED_AVAILABILITY = YES_AGGRESSIVE;
				CLANG_WARN_UNREACHABLE_CODE = YES;
				CLANG_WARN__DUPLICATE_METHOD_MATCH = YES;
				COPY_PHASE_STRIP = NO;
				DEBUG_INFORMATION_FORMAT = "dwarf-with-dsym";
				ENABLE_NS_ASSERTIONS = NO;
				ENABLE_STRICT_OBJC_MSGSEND = YES;
				ENABLE_USER_SCRIPT_SANDBOXING = YES;
				GCC_C_LANGUAGE_STANDARD = gnu17;
				GCC_NO_COMMON_BLOCKS = YES;
				GCC_WARN_64_TO_32_BIT_CONVERSION = YES;
				GCC_WARN_ABOUT_RETURN_TYPE = YES_ERROR;
				GCC_WARN_UNDECLARED_SELECTOR = YES;
				GCC_WARN_UNINITIALIZED_AUTOS = YES_AGGRESSIVE;
				GCC_WARN_UNUSED_FUNCTION = YES;
				GCC_WARN_UNUSED_VARIABLE = YES;
				IPHONEOS_DEPLOYMENT_TARGET = 17.0;
				LOCALIZATION_PREFERS_STRING_CATALOGS = YES;
				MTL_ENABLE_DEBUG_INFO = NO;
				MTL_FAST_MATH = YES;
				SDKROOT = iphoneos;
				SWIFT_COMPILATION_MODE = wholemodule;
				VALIDATE_PRODUCT = YES;
			};
			name = Release;
		};
		602 /* Debug */ = {
			isa = XCBuildConfiguration;
			buildSettings = {
				ASSETCATALOG_COMPILER_APPICON_NAME = AppIcon;
				ASSETCATALOG_COMPILER_GLOBAL_ACCENT_COLOR_NAME = AccentColor;
				CODE_SIGN_STYLE = Automatic;
				CURRENT_PROJECT_VERSION = 1;
				DEVELOPMENT_TEAM = "";
				ENABLE_PREVIEWS = YES;
				GENERATE_INFOPLIST_FILE = YES;
				INFOPLIST_KEY_UIApplicationSceneManifest_Generation = YES;
				INFOPLIST_KEY_UIApplicationSupportsIndirectInputEvents = YES;
				INFOPLIST_KEY_UILaunchScreen_Generation = YES;
				INFOPLIST_KEY_UISupportedInterfaceOrientations_iPad = "UIInterfaceOrientationPortrait UIInterfaceOrientationPortraitUpsideDown UIInterfaceOrientationLandscapeLeft UIInterfaceOrientationLandscapeRight";
				INFOPLIST_KEY_UISupportedInterfaceOrientations_iPhone = "UIInterfaceOrientationPortrait UIInterfaceOrientationLandscapeLeft UIInterfaceOrientationLandscapeRight";
				LD_RUNPATH_SEARCH_PATHS = (
					"$(inherited)",
					"@executable_path/Frameworks",
				);
				MARKETING_VERSION = 1.0;
				PRODUCT_BUNDLE_IDENTIFIER = com.virtualdeck.app;
				PRODUCT_NAME = "$(TARGET_NAME)";
				SWIFT_EMIT_LOC_STRINGS = YES;
				SWIFT_VERSION = 5.0;
				TARGETED_DEVICE_FAMILY = "1,2";
			};
			name = Debug;
		};
		603 /* Release */ = {
			isa = XCBuildConfiguration;
			buildSettings = {
				ASSETCATALOG_COMPILER_APPICON_NAME = AppIcon;
				ASSETCATALOG_COMPILER_GLOBAL_ACCENT_COLOR_NAME = AccentColor;
				CODE_SIGN_STYLE = Automatic;
				CURRENT_PROJECT_VERSION = 1;
				DEVELOPMENT_TEAM = "";
				ENABLE_PREVIEWS = YES;
				GENERATE_INFOPLIST_FILE = YES;
				INFOPLIST_KEY_UIApplicationSceneManifest_Generation = YES;
				INFOPLIST_KEY_UIApplicationSupportsIndirectInputEvents = YES;
				INFOPLIST_KEY_UILaunchScreen_Generation = YES;
				INFOPLIST_KEY_UISupportedInterfaceOrientations_iPad = "UIInterfaceOrientationPortrait UIInterfaceOrientationPortraitUpsideDown UIInterfaceOrientationLandscapeLeft UIInterfaceOrientationLandscapeRight";
				INFOPLIST_KEY_UISupportedInterfaceOrientations_iPhone = "UIInterfaceOrientationPortrait UIInterfaceOrientationLandscapeLeft UIInterfaceOrientationLandscapeRight";
				LD_RUNPATH_SEARCH_PATHS = (
					"$(inherited)",
					"@executable_path/Frameworks",
				);
				MARKETING_VERSION = 1.0;
				PRODUCT_BUNDLE_IDENTIFIER = com.virtualdeck.app;
				PRODUCT_NAME = "$(TARGET_NAME)";
				SWIFT_EMIT_LOC_STRINGS = YES;
				SWIFT_VERSION = 5.0;
				TARGETED_DEVICE_FAMILY = "1,2";
			};
			name = Release;
		};
/* End XCBuildConfiguration section */

/* Begin XCConfigurationList section */
		400 /* Build configuration list for PBXNativeTarget "VirtualDeck" */ = {
			isa = XCConfigurationList;
			buildConfigurations = (
				602 /* Debug */,
				603 /* Release */,
			);
			defaultConfigurationIsVisible = 0;
			defaultConfigurationName = Release;
		};
		501 /* Build configuration list for PBXProject "VirtualDeck" */ = {
			isa = XCConfigurationList;
			buildConfigurations = (
				600 /* Debug */,
				601 /* Release */,
			);
			defaultConfigurationIsVisible = 0;
			defaultConfigurationName = Release;
		};
/* End XCConfigurationList section */
	};
	rootObject = 500 /* Project object */;
}
